[root]
name = "bigint_test"
version = "0.1.0"
dependencies = [
 "bigint 4.1.1 (registry+https://github.com/rust-lang/crates.io-index)",
 "crunchy 0.1.3 (registry+https://github.com/rust-lang/crates.io-index)",
]

[[package]]
name = "bigint"
version = "4.1.1"
source = "registry+https://github.com/rust-lang/crates.io-index"
dependencies = [
 "byteorder 1.1.0 (registry+https://github.com/rust-lang/crates.io-index)",
 "rustc_version 0.2.1 (registry+https://github.com/rust-lang/crates.io-index)",
]

[[package]]
name = "byteorder"
version = "1.1.0"
source = "registry+https://github.com/rust-lang/crates.io-index"

[[package]]
name = "crunchy"
version = "0.1.3"
source = "registry+https://github.com/rust-lang/crates.io-index"

[[package]]
name = "rustc_version"
version = "0.2.1"
source = "registry+https://github.com/rust-lang/crates.io-index"
dependencies = [
 "semver 0.6.0 (registry+https://github.com/rust-lang/crates.io-index)",
]

[[package]]
name = "semver"
version = "0.6.0"
source = "registry+https://github.com/rust-lang/crates.io-index"
dependencies = [
 "semver-parser 0.7.0 (registry+https://github.com/rust-lang/crates.io-index)",
]

[[package]]
name = "semver-parser"
version = "0.7.0"
source = "registry+https://github.com/rust-lang/crates.io-index"

[metadata]
"checksum bigint 4.1.1 (registry+https://github.com/rust-lang/crates.io-index)" = "2b45beaa0727835a98df09295d4250afc52c3f7d375d560997ae942c95b98ceb"
"checksum byteorder 1.1.0 (registry+https://github.com/rust-lang/crates.io-index)" = "ff81738b726f5d099632ceaffe7fb65b90212e8dce59d518729e7e8634032d3d"
"checksum crunchy 0.1.3 (registry+https://github.com/rust-lang/crates.io-index)" = "e6aa9cb5f2d7bffc4eecfaf924fe450549dc4f0c3a6502298dc24f968b1eabbe"
"checksum rustc_version 0.2.1 (registry+https://github.com/rust-lang/crates.io-index)" = "b9743a7670d88d5d52950408ecdb7c71d8986251ab604d4689dd2ca25c9bca69"
"checksum semver 0.6.0 (registry+https://github.com/rust-lang/crates.io-index)" = "7a3186ec9e65071a2095434b1f5bb24838d4e8e130f584c790f6033c79943537"
"checksum semver-parser 0.7.0 (registry+https://github.com/rust-lang/crates.io-index)" = "388a1df253eca08550bef6c72392cfe7c30914bf41df5269b68cbd6ff8f570a3"
